
Microsoft Visual Studio Solution File, Format Version 12.00
# Visual Studio 15
VisualStudioVersion = 15.0.26430.13
MinimumVisualStudioVersion = 10.0.40219.1
Project("{FAE04EC0-301F-11D3-BF4B-00C04F79EFBC}") = "Learner.PL.Forms", "Learner.PL.Forms\Learner.PL.Forms.csproj", "{C92BF653-1677-4BE4-9373-005F27861677}"
EndProject
Project("{2150E333-8FDC-42A3-9474-1A3956D46DE8}") = "PL", "PL", "{0F1059CE-17BE-465F-9A8F-238858A5772A}"
EndProject
Project("{2150E333-8FDC-42A3-9474-1A3956D46DE8}") = "BLL", "BLL", "{D786F754-02C8-4AE5-BB4F-C6939F500027}"
EndProject
Project("{2150E333-8FDC-42A3-9474-1A3956D46DE8}") = "DAL", "DAL", "{B0F93D78-377D-4F94-BD5F-0E977712EE10}"
EndProject
Project("{FAE04EC0-301F-11D3-BF4B-00C04F79EFBC}") = "Learner.DAL.Abstract", "Learner.DAL.Abstract\Learner.DAL.Abstract.csproj", "{8D94F652-A823-443F-94F1-A9D3DA0D5E8C}"
EndProject
Project("{FAE04EC0-301F-11D3-BF4B-00C04F79EFBC}") = "LearnerFAKE.DAL", "Learner.DAL\LearnerFAKE.DAL.csproj", "{80090ECC-FD52-47BF-9C6F-1208D173666B}"
EndProject
Project("{FAE04EC0-301F-11D3-BF4B-00C04F79EFBC}") = "Leaner.BLL", "Leaner.BLL\Leaner.BLL.csproj", "{59151074-03E1-4F0C-B4F7-96141CD27DF6}"
EndProject
Project("{FAE04EC0-301F-11D3-BF4B-00C04F79EFBC}") = "Learner.BLL.Abstract", "Learner.BLL.Abstract\Learner.BLL.Abstract.csproj", "{7D4B8FFC-EBF1-42E3-B103-2E4670BBFBF4}"
EndProject
Project("{2150E333-8FDC-42A3-9474-1A3956D46DE8}") = "Entities", "Entities", "{AB5C3D40-16E6-4A5F-9D2E-D1228C4BD713}"
EndProject
Project("{FAE04EC0-301F-11D3-BF4B-00C04F79EFBC}") = "Learner.Entities", "Learner.Entities\Learner.Entities.csproj", "{B88BA372-29BF-4678-8EA4-710EE4D5C14E}"
EndProject
Global
	GlobalSection(SolutionConfigurationPlatforms) = preSolution
		Debug|Any CPU = Debug|Any CPU
		Release|Any CPU = Release|Any CPU
	EndGlobalSection
	GlobalSection(ProjectConfigurationPlatforms) = postSolution
		{C92BF653-1677-4BE4-9373-005F27861677}.Debug|Any CPU.ActiveCfg = Debug|Any CPU
		{C92BF653-1677-4BE4-9373-005F27861677}.Debug|Any CPU.Build.0 = Debug|Any CPU
		{C92BF653-1677-4BE4-9373-005F27861677}.Release|Any CPU.ActiveCfg = Release|Any CPU
		{C92BF653-1677-4BE4-9373-005F27861677}.Release|Any CPU.Build.0 = Release|Any CPU
		{8D94F652-A823-443F-94F1-A9D3DA0D5E8C}.Debug|Any CPU.ActiveCfg = Debug|Any CPU
		{8D94F652-A823-443F-94F1-A9D3DA0D5E8C}.Debug|Any CPU.Build.0 = Debug|Any CPU
		{8D94F652-A823-443F-94F1-A9D3DA0D5E8C}.Release|Any CPU.ActiveCfg = Release|Any CPU
		{8D94F652-A823-443F-94F1-A9D3DA0D5E8C}.Release|Any CPU.Build.0 = Release|Any CPU
		{80090ECC-FD52-47BF-9C6F-1208D173666B}.Debug|Any CPU.ActiveCfg = Debug|Any CPU
		{80090ECC-FD52-47BF-9C6F-1208D173666B}.Debug|Any CPU.Build.0 = Debug|Any CPU
		{80090ECC-FD52-47BF-9C6F-1208D173666B}.Release|Any CPU.ActiveCfg = Release|Any CPU
		{80090ECC-FD52-47BF-9C6F-1208D173666B}.Release|Any CPU.Build.0 = Release|Any CPU
		{59151074-03E1-4F0C-B4F7-96141CD27DF6}.Debug|Any CPU.ActiveCfg = Debug|Any CPU
		{59151074-03E1-4F0C-B4F7-96141CD27DF6}.Debug|Any CPU.Build.0 = Debug|Any CPU
		{59151074-03E1-4F0C-B4F7-96141CD27DF6}.Release|Any CPU.ActiveCfg = Release|Any CPU
		{59151074-03E1-4F0C-B4F7-96141CD27DF6}.Release|Any CPU.Build.0 = Release|Any CPU
		{7D4B8FFC-EBF1-42E3-B103-2E4670BBFBF4}.Debug|Any CPU.ActiveCfg = Debug|Any CPU
		{7D4B8FFC-EBF1-42E3-B103-2E4670BBFBF4}.Debug|Any CPU.Build.0 = Debug|Any CPU
		{7D4B8FFC-EBF1-42E3-B103-2E4670BBFBF4}.Release|Any CPU.ActiveCfg = Release|Any CPU
		{7D4B8FFC-EBF1-42E3-B103-2E4670BBFBF4}.Release|Any CPU.Build.0 = Release|Any CPU
		{B88BA372-29BF-4678-8EA4-710EE4D5C14E}.Debug|Any CPU.ActiveCfg = Debug|Any CPU
		{B88BA372-29BF-4678-8EA4-710EE4D5C14E}.Debug|Any CPU.Build.0 = Debug|Any CPU
		{B88BA372-29BF-4678-8EA4-710EE4D5C14E}.Release|Any CPU.ActiveCfg = Release|Any CPU
		{B88BA372-29BF-4678-8EA4-710EE4D5C14E}.Release|Any CPU.Build.0 = Release|Any CPU
	EndGlobalSection
	GlobalSection(SolutionProperties) = preSolution
		HideSolutionNode = FALSE
	EndGlobalSection
	GlobalSection(NestedProjects) = preSolution
		{C92BF653-1677-4BE4-9373-005F27861677} = {0F1059CE-17BE-465F-9A8F-238858A5772A}
		{8D94F652-A823-443F-94F1-A9D3DA0D5E8C} = {B0F93D78-377D-4F94-BD5F-0E977712EE10}
		{80090ECC-FD52-47BF-9C6F-1208D173666B} = {B0F93D78-377D-4F94-BD5F-0E977712EE10}
		{59151074-03E1-4F0C-B4F7-96141CD27DF6} = {D786F754-02C8-4AE5-BB4F-C6939F500027}
		{7D4B8FFC-EBF1-42E3-B103-2E4670BBFBF4} = {D786F754-02C8-4AE5-BB4F-C6939F500027}
		{B88BA372-29BF-4678-8EA4-710EE4D5C14E} = {AB5C3D40-16E6-4A5F-9D2E-D1228C4BD713}
	EndGlobalSection
EndGlobal
